<?xml version="1.0" encoding="utf-8"?>
<Project ToolsVersion="4.0" xmlns="http://schemas.microsoft.com/developer/msbuild/2003">
  <ItemGroup>
    <Filter Include="Source Files">
      <UniqueIdentifier>{4FC737F1-C7A5-4376-A066-2A32D752A2FF}</UniqueIdentifier>
      <Extensions>cpp;c;cc;cxx;def;odl;idl;hpj;bat;asm;asmx</Extensions>
    </Filter>
    <Filter Include="Header Files">
      <UniqueIdentifier>{93995380-89BD-4b04-88EB-625FBE52EBFB}</UniqueIdentifier>
      <Extensions>h;hh;hpp;hxx;hm;inl;inc;xsd</Extensions>
    </Filter>
    <Filter Include="Resource Files">
      <UniqueIdentifier>{67DA6AB6-F800-4c08-8B7A-83BB121AAD01}</UniqueIdentifier>
      <Extensions>rc;ico;cur;bmp;dlg;rc2;rct;bin;rgs;gif;jpg;jpeg;jpe;resx;tiff;tif;png;wav</Extensions>
    </Filter>
  </ItemGroup>
  <ItemGroup>
    <ClCompile Include="ffstool\ffstool.c">
      <Filter>Source Files</Filter>
    </ClCompile>
    <ClCompile Include="ffstool\fileblock.c">
      <Filter>Source Files</Filter>
    </ClCompile>
    <ClCompile Include="ffstool\osdep.c">
      <Filter>Source Files</Filter>
    </ClCompile>
    <ClCompile Include="src\boot\kernel.c">
      <Filter>Source Files</Filter>
    </ClCompile>
    <ClCompile Include="src\drivers\block.c">
      <Filter>Source Files</Filter>
    </ClCompile>
    <ClCompile Include="src\drivers\chardev.c">
      <Filter>Source Files</Filter>
    </ClCompile>
    <ClCompile Include="src\drivers\hdd.c">
      <Filter>Source Files</Filter>
    </ClCompile>
    <ClCompile Include="src\drivers\keyboard.c">
      <Filter>Source Files</Filter>
    </ClCompile>
    <ClCompile Include="src\drivers\pci.c">
      <Filter>Source Files</Filter>
    </ClCompile>
    <ClCompile Include="src\drivers\serial.c">
      <Filter>Source Files</Filter>
    </ClCompile>
    <ClCompile Include="src\drivers\tty.c">
      <Filter>Source Files</Filter>
    </ClCompile>
    <ClCompile Include="src\drivers\vga.c">
      <Filter>Source Files</Filter>
    </ClCompile>
    <ClCompile Include="src\fs\cache.c">
      <Filter>Source Files</Filter>
    </ClCompile>
    <ClCompile Include="src\fs\console.c">
      <Filter>Source Files</Filter>
    </ClCompile>
    <ClCompile Include="src\fs\ext2.c">
      <Filter>Source Files</Filter>
    </ClCompile>
    <ClCompile Include="src\fs\ffs.c">
      <Filter>Source Files</Filter>
    </ClCompile>
    <ClCompile Include="src\fs\kbchar.c">
      <Filter>Source Files</Filter>
    </ClCompile>
    <ClCompile Include="src\fs\mount.c">
      <Filter>Source Files</Filter>
    </ClCompile>
    <ClCompile Include="src\fs\namespace.c">
      <Filter>Source Files</Filter>
    </ClCompile>
    <ClCompile Include="src\fs\null.c">
      <Filter>Source Files</Filter>
    </ClCompile>
    <ClCompile Include="src\fs\pipechar.c">
      <Filter>Source Files</Filter>
    </ClCompile>
    <ClCompile Include="src\fs\vfs.c">
      <Filter>Source Files</Filter>
    </ClCompile>
    <ClCompile Include="src\gui\gui_core.c">
      <Filter>Source Files</Filter>
    </ClCompile>
    <ClCompile Include="src\gui\gui_test.c">
      <Filter>Source Files</Filter>
    </ClCompile>
    <ClCompile Include="src\gui\gui_toolkit.c">
      <Filter>Source Files</Filter>
    </ClCompile>
    <ClCompile Include="src\int\dsr.c">
      <Filter>Source Files</Filter>
    </ClCompile>
    <ClCompile Include="src\int\int.c">
      <Filter>Source Files</Filter>
    </ClCompile>
    <ClCompile Include="src\int\timer.c">
      <Filter>Source Files</Filter>
    </ClCompile>
    <ClCompile Include="src\lib\cyclebuf.c">
      <Filter>Source Files</Filter>
    </ClCompile>
    <ClCompile Include="src\lib\klib.c">
      <Filter>Source Files</Filter>
    </ClCompile>
    <ClCompile Include="src\lib\list.c">
      <Filter>Source Files</Filter>
    </ClCompile>
    <ClCompile Include="src\lib\rbtree.c">
      <Filter>Source Files</Filter>
    </ClCompile>
    <ClCompile Include="src\mm\mm.c">
      <Filter>Source Files</Filter>
    </ClCompile>
    <ClCompile Include="src\mm\mmap.c">
      <Filter>Source Files</Filter>
    </ClCompile>
    <ClCompile Include="src\mm\pagefault.c">
      <Filter>Source Files</Filter>
    </ClCompile>
    <ClCompile Include="src\mm\phymm.c">
      <Filter>Source Files</Filter>
    </ClCompile>
    <ClCompile Include="src\ps\elf.c">
      <Filter>Source Files</Filter>
    </ClCompile>
    <ClCompile Include="src\ps\lock.c">
      <Filter>Source Files</Filter>
    </ClCompile>
    <ClCompile Include="src\ps\ps.c">
      <Filter>Source Files</Filter>
    </ClCompile>
    <ClCompile Include="src\ps\ps0.c">
      <Filter>Source Files</Filter>
    </ClCompile>
    <ClCompile Include="src\syscall\syscall.c">
      <Filter>Source Files</Filter>
    </ClCompile>
    <ClCompile Include="user\syscall.c">
      <Filter>Source Files</Filter>
    </ClCompile>
    <ClCompile Include="user\src\cat.c">
      <Filter>Source Files</Filter>
    </ClCompile>
    <ClCompile Include="user\src\idle.c">
      <Filter>Source Files</Filter>
    </ClCompile>
    <ClCompile Include="user\src\ls.c">
      <Filter>Source Files</Filter>
    </ClCompile>
    <ClCompile Include="user\src\mkdir.c">
      <Filter>Source Files</Filter>
    </ClCompile>
    <ClCompile Include="user\src\pwd.c">
      <Filter>Source Files</Filter>
    </ClCompile>
    <ClCompile Include="user\src\quota.c">
      <Filter>Source Files</Filter>
    </ClCompile>
    <ClCompile Include="user\src\reboot.c">
      <Filter>Source Files</Filter>
    </ClCompile>
    <ClCompile Include="user\src\rmdir.c">
      <Filter>Source Files</Filter>
    </ClCompile>
    <ClCompile Include="user\src\run.c">
      <Filter>Source Files</Filter>
    </ClCompile>
    <ClCompile Include="user\src\sh.c">
      <Filter>Source Files</Filter>
    </ClCompile>
    <ClCompile Include="user\src\test.c">
      <Filter>Source Files</Filter>
    </ClCompile>
    <ClCompile Include="user\src\uname.c">
      <Filter>Source Files</Filter>
    </ClCompile>
  </ItemGroup>
  <ItemGroup>
    <None Include="src\boot\kernel.asm">
      <Filter>Source Files</Filter>
    </None>
    <None Include="src\mm\mm.asm">
      <Filter>Source Files</Filter>
    </None>
    <None Include="src\int\int.S" />
    <None Include="src\lib\memcpy.S" />
    <None Include="user\crt0.s" />
  </ItemGroup>
  <ItemGroup>
    <ClInclude Include="config.h">
      <Filter>Header Files</Filter>
    </ClInclude>
    <ClInclude Include="errno.h">
      <Filter>Header Files</Filter>
    </ClInclude>
    <ClInclude Include="ffstool\fileblock.h">
      <Filter>Header Files</Filter>
    </ClInclude>
    <ClInclude Include="ffstool\osdep.h">
      <Filter>Header Files</Filter>
    </ClInclude>
    <ClInclude Include="include\block.h">
      <Filter>Header Files</Filter>
    </ClInclude>
    <ClInclude Include="include\cache.h">
      <Filter>Header Files</Filter>
    </ClInclude>
    <ClInclude Include="include\chardev.h">
      <Filter>Header Files</Filter>
    </ClInclude>
    <ClInclude Include="include\console.h">
      <Filter>Header Files</Filter>
    </ClInclude>
    <ClInclude Include="include\cyclebuf.h">
      <Filter>Header Files</Filter>
    </ClInclude>
    <ClInclude Include="include\dsr.h">
      <Filter>Header Files</Filter>
    </ClInclude>
    <ClInclude Include="include\elf.h">
      <Filter>Header Files</Filter>
    </ClInclude>
    <ClInclude Include="include\ext2.h">
      <Filter>Header Files</Filter>
    </ClInclude>
    <ClInclude Include="include\fcntl.h">
      <Filter>Header Files</Filter>
    </ClInclude>
    <ClInclude Include="include\ffs.h">
      <Filter>Header Files</Filter>
    </ClInclude>
    <ClInclude Include="include\gui_core.h">
      <Filter>Header Files</Filter>
    </ClInclude>
    <ClInclude Include="include\gui_test.h">
      <Filter>Header Files</Filter>
    </ClInclude>
    <ClInclude Include="include\gui_toolkit.h">
      <Filter>Header Files</Filter>
    </ClInclude>
    <ClInclude Include="include\hdd.h">
      <Filter>Header Files</Filter>
    </ClInclude>
    <ClInclude Include="include\int.h">
      <Filter>Header Files</Filter>
    </ClInclude>
    <ClInclude Include="include\kbchar.h">
      <Filter>Header Files</Filter>
    </ClInclude>
    <ClInclude Include="include\keyboard.h">
      <Filter>Header Files</Filter>
    </ClInclude>
    <ClInclude Include="include\keymap.h">
      <Filter>Header Files</Filter>
    </ClInclude>
    <ClInclude Include="include\klib.h">
      <Filter>Header Files</Filter>
    </ClInclude>
    <ClInclude Include="include\list.h">
      <Filter>Header Files</Filter>
    </ClInclude>
    <ClInclude Include="include\lock.h">
      <Filter>Header Files</Filter>
    </ClInclude>
    <ClInclude Include="include\mm.h">
      <Filter>Header Files</Filter>
    </ClInclude>
    <ClInclude Include="include\mmap.h">
      <Filter>Header Files</Filter>
    </ClInclude>
    <ClInclude Include="include\mount.h">
      <Filter>Header Files</Filter>
    </ClInclude>
    <ClInclude Include="include\multiboot.h">
      <Filter>Header Files</Filter>
    </ClInclude>
    <ClInclude Include="include\namespace.h">
      <Filter>Header Files</Filter>
    </ClInclude>
    <ClInclude Include="include\null.h">
      <Filter>Header Files</Filter>
    </ClInclude>
    <ClInclude Include="include\pagefault.h">
      <Filter>Header Files</Filter>
    </ClInclude>
    <ClInclude Include="include\pci.h">
      <Filter>Header Files</Filter>
    </ClInclude>
    <ClInclude Include="include\pci_list.h">
      <Filter>Header Files</Filter>
    </ClInclude>
    <ClInclude Include="include\phymm.h">
      <Filter>Header Files</Filter>
    </ClInclude>
    <ClInclude Include="include\pipechar.h">
      <Filter>Header Files</Filter>
    </ClInclude>
    <ClInclude Include="include\ps.h">
      <Filter>Header Files</Filter>
    </ClInclude>
    <ClInclude Include="include\ps0.h">
      <Filter>Header Files</Filter>
    </ClInclude>
    <ClInclude Include="include\rbtree.h">
      <Filter>Header Files</Filter>
    </ClInclude>
    <ClInclude Include="include\serial.h">
      <Filter>Header Files</Filter>
    </ClInclude>
    <ClInclude Include="include\syscall.h">
      <Filter>Header Files</Filter>
    </ClInclude>
    <ClInclude Include="include\timer.h">
      <Filter>Header Files</Filter>
    </ClInclude>
    <ClInclude Include="include\tty.h">
      <Filter>Header Files</Filter>
    </ClInclude>
    <ClInclude Include="include\unistd.h">
      <Filter>Header Files</Filter>
    </ClInclude>
    <ClInclude Include="include\vfs.h">
      <Filter>Header Files</Filter>
    </ClInclude>
    <ClInclude Include="include\vga.h">
      <Filter>Header Files</Filter>
    </ClInclude>
    <ClInclude Include="src\fs\ffs.h">
      <Filter>Header Files</Filter>
    </ClInclude>
    <ClInclude Include="user\fs.h">
      <Filter>Header Files</Filter>
    </ClInclude>
    <ClInclude Include="user\run.h">
      <Filter>Header Files</Filter>
    </ClInclude>
    <ClInclude Include="user\syscall.h">
      <Filter>Header Files</Filter>
    </ClInclude>
  </ItemGroup>
</Project>